
Microsoft Visual Studio Solution File, Format Version 12.00
# Visual Studio 15
VisualStudioVersion = 15.0.27703.2026
MinimumVisualStudioVersion = 10.0.40219.1
Project("{FAE04EC0-301F-11D3-BF4B-00C04F79EFBC}") = "Authorization", "Authorization\Authorization.csproj", "{503EA704-31B6-4016-B9B9-47D94485A29C}"
EndProject
Project("{FAE04EC0-301F-11D3-BF4B-00C04F79EFBC}") = "AuthorizationClient", "AuthorizationClient\AuthorizationClient.csproj", "{5C5DCF0E-6D93-41DE-A904-ED968B209564}"
EndProject
Project("{FAE04EC0-301F-11D3-BF4B-00C04F79EFBC}") = "AuthorizationServer", "AuthorizationServer\AuthorizationServer.csproj", "{DF3CF52A-274A-458A-93AD-BA0556149D9F}"
EndProject
Global
	GlobalSection(SolutionConfigurationPlatforms) = preSolution
		Debug|Any CPU = Debug|Any CPU
		Release|Any CPU = Release|Any CPU
	EndGlobalSection
	GlobalSection(ProjectConfigurationPlatforms) = postSolution
		{503EA704-31B6-4016-B9B9-47D94485A29C}.Debug|Any CPU.ActiveCfg = Debug|Any CPU
		{503EA704-31B6-4016-B9B9-47D94485A29C}.Debug|Any CPU.Build.0 = Debug|Any CPU
		{503EA704-31B6-4016-B9B9-47D94485A29C}.Release|Any CPU.ActiveCfg = Release|Any CPU
		{503EA704-31B6-4016-B9B9-47D94485A29C}.Release|Any CPU.Build.0 = Release|Any CPU
		{5C5DCF0E-6D93-41DE-A904-ED968B209564}.Debug|Any CPU.ActiveCfg = Debug|Any CPU
		{5C5DCF0E-6D93-41DE-A904-ED968B209564}.Debug|Any CPU.Build.0 = Debug|Any CPU
		{5C5DCF0E-6D93-41DE-A904-ED968B209564}.Release|Any CPU.ActiveCfg = Release|Any CPU
		{5C5DCF0E-6D93-41DE-A904-ED968B209564}.Release|Any CPU.Build.0 = Release|Any CPU
		{DF3CF52A-274A-458A-93AD-BA0556149D9F}.Debug|Any CPU.ActiveCfg = Debug|Any CPU
		{DF3CF52A-274A-458A-93AD-BA0556149D9F}.Debug|Any CPU.Build.0 = Debug|Any CPU
		{DF3CF52A-274A-458A-93AD-BA0556149D9F}.Release|Any CPU.ActiveCfg = Release|Any CPU
		{DF3CF52A-274A-458A-93AD-BA0556149D9F}.Release|Any CPU.Build.0 = Release|Any CPU
	EndGlobalSection
	GlobalSection(SolutionProperties) = preSolution
		HideSolutionNode = FALSE
	EndGlobalSection
	GlobalSection(ExtensibilityGlobals) = postSolution
		SolutionGuid = {702C0B89-ED18-4570-A7C2-5A38330C2681}
	EndGlobalSection
EndGlobal
